hash: 3f1e0ad5bc1a589bcec52026da44ff2c588eac3e427d885166f1c50d1e3bf60e
updated: 2017-07-17T12:26:18.072286956+03:00
imports:
- name: github.com/coreos/go-semver
  version: 8ab6407b697782a06568d4b7f1db25550ec2e4c6
  subpackages:
  - semver
- name: github.com/fsnotify/fsnotify
  version: 4da3e2cfbabc9f751898f250b49f2439785783a1
- name: github.com/hashicorp/hcl
  version: 392dba7d905ed5d04a5794ba89f558b27e2ba1ca
  subpackages:
  - hcl/ast
  - hcl/parser
  - hcl/scanner
  - hcl/strconv
  - hcl/token
  - json/parser
  - json/scanner
  - json/token
- name: github.com/inconshreveable/mousetrap
  version: 76626ae9c91c4f2a10f34cad8ce83ea42c93bb75
- name: github.com/juju/errgo
  version: 08cceb5d0b5331634b9826762a8fd53b29b86ad8
  subpackages:
  - errors
- name: github.com/magiconair/properties
  version: be5ece7dd465ab0765a9682137865547526d1dfb
- name: github.com/mattn/go-colorable
  version: 5411d3eea5978e6cdc258b30de592b60df6aba96
  repo: https://github.com/mattn/go-colorable
- name: github.com/mattn/go-isatty
  version: 57fdcb988a5c543893cc61bce354a6e24ab70022
  repo: https://github.com/mattn/go-isatty
- name: github.com/mitchellh/mapstructure
  version: d0303fe809921458f417bcf828397a65db30a7e4
- name: github.com/pelletier/go-toml
  version: 69d355db5304c0f7f809a2edc054553e7142f016
- name: github.com/spf13/afero
  version: 9be650865eab0c12963d8753212f4f9c66cdcf12
  subpackages:
  - mem
- name: github.com/spf13/cast
  version: acbeb36b902d72a7a4c18e8f3241075e7ab763e4
- name: github.com/spf13/cobra
  version: d994347edadc56d6a7f863775fb6887606685ae6
- name: github.com/spf13/jwalterweatherman
  version: 0efa5202c04663c757d84f90f5219c1250baf94f
- name: github.com/spf13/pflag
  version: e57e3eeb33f795204c1ca35f56c44f83227c6e66
- name: github.com/spf13/viper
  version: c1de95864d73a5465492829d7cb2dd422b19ac96
- name: golang.org/x/sys
  version: 4cd6d1a821c7175768725b55ca82f14683a29ea4
  subpackages:
  - unix
- name: golang.org/x/text
  version: 836efe42bb4aa16aaa17b9c155d8813d336ed720
  subpackages:
  - transform
  - unicode/norm
- name: gopkg.in/cheggaaa/pb.v1
  version: 4a1bf7a97d1348c5b50aabf6e1eb0496ca0a3d33
- name: gopkg.in/cheggaaa/pb.v2
  version: 4a1bf7a97d1348c5b50aabf6e1eb0496ca0a3d33
  subpackages:
  - termutil
- name: gopkg.in/fatih/color.v1
  version: 570b54cabe6b8eb0bc2dfce68d964677d63b5260
- name: gopkg.in/mattn/go-colorable.v0
  version: 941b50ebc6efddf4c41c8e4537a5f68a4e686b24
- name: gopkg.in/mattn/go-isatty.v0
  version: fc9e8d8ef48496124e79ae0df75490096eccf6fe
- name: gopkg.in/mattn/go-runewidth.v0
  version: 9e777a8366cce605130a531d2cd6363d07ad7317
- name: gopkg.in/VividCortex/ewma.v1
  version: c595cd886c223c6c28fc9ae2727a61b5e4693d85
- name: gopkg.in/yaml.v2
  version: 3b4ad1db5b2a649883ff3782f5f9f6fb52be71af
testImports: []
